// !$*UTF8*$!
{
	archiveVersion = 1;
	classes = {
	};
	objectVersion = 46;
	objects = {

/* Begin PBXBuildFile section */
		2A2797EE1DA28D980061F1C5 /* BetterSegmentedControl.swift in Sources */ = {isa = PBXBuildFile; fileRef = 2A2797ED1DA28D980061F1C5 /* BetterSegmentedControl.swift */; };
		2A2797F11DA2B3250061F1C5 /* CubicFormatter.swift in Sources */ = {isa = PBXBuildFile; fileRef = 2A2797F01DA2B3250061F1C5 /* CubicFormatter.swift */; };
		2A2797F31DA2B5ED0061F1C5 /* DateValueFormatter.swift in Sources */ = {isa = PBXBuildFile; fileRef = 2A2797F21DA2B5ED0061F1C5 /* DateValueFormatter.swift */; };
		2A2797F51DA2DCD00061F1C5 /* MarketAbbreviationMapper.swift in Sources */ = {isa = PBXBuildFile; fileRef = 2A2797F41DA2DCD00061F1C5 /* MarketAbbreviationMapper.swift */; };
		2A5A5E781D95B843003465B2 /* SettingsViewController.swift in Sources */ = {isa = PBXBuildFile; fileRef = 2A5A5E771D95B843003465B2 /* SettingsViewController.swift */; };
		2A5A5E7A1D95BF00003465B2 /* SubRootViewController.swift in Sources */ = {isa = PBXBuildFile; fileRef = 2A5A5E791D95BF00003465B2 /* SubRootViewController.swift */; };
		2A61FCE41D908C7900064D51 /* AppDelegate.swift in Sources */ = {isa = PBXBuildFile; fileRef = 2A61FCE31D908C7900064D51 /* AppDelegate.swift */; };
		2A61FCE61D908C7900064D51 /* RatesViewController.swift in Sources */ = {isa = PBXBuildFile; fileRef = 2A61FCE51D908C7900064D51 /* RatesViewController.swift */; };
		2A61FCEB1D908C7900064D51 /* Assets.xcassets in Resources */ = {isa = PBXBuildFile; fileRef = 2A61FCEA1D908C7900064D51 /* Assets.xcassets */; };
		2A61FCEE1D908C7900064D51 /* LaunchScreen.storyboard in Resources */ = {isa = PBXBuildFile; fileRef = 2A61FCEC1D908C7900064D51 /* LaunchScreen.storyboard */; };
		2AD75EEF1D9C110000D6CC39 /* Chameleon.framework in Frameworks */ = {isa = PBXBuildFile; fileRef = 2AD75EEC1D9C110000D6CC39 /* Chameleon.framework */; };
		2AD75EF01D9C110000D6CC39 /* Former.framework in Frameworks */ = {isa = PBXBuildFile; fileRef = 2AD75EED1D9C110000D6CC39 /* Former.framework */; };
		2AD75EF31D9C346900D6CC39 /* ChartDataRequest.swift in Sources */ = {isa = PBXBuildFile; fileRef = 2AD75EF21D9C346900D6CC39 /* ChartDataRequest.swift */; };
		2AD75EF51D9C594200D6CC39 /* ChartDataMapper.swift in Sources */ = {isa = PBXBuildFile; fileRef = 2AD75EF41D9C594200D6CC39 /* ChartDataMapper.swift */; };
		2AD75EF81D9C5CEE00D6CC39 /* Colors.swift in Sources */ = {isa = PBXBuildFile; fileRef = 2AD75EF71D9C5CEE00D6CC39 /* Colors.swift */; };
		2AD75EFA1D9D1F3000D6CC39 /* RatesRouter.swift in Sources */ = {isa = PBXBuildFile; fileRef = 2AD75EF91D9D1F3000D6CC39 /* RatesRouter.swift */; };
		2AD75EFC1D9D252600D6CC39 /* SettingsRouter.swift in Sources */ = {isa = PBXBuildFile; fileRef = 2AD75EFB1D9D252600D6CC39 /* SettingsRouter.swift */; };
		2AD75EFE1D9D27C200D6CC39 /* RatesDetailRouter.swift in Sources */ = {isa = PBXBuildFile; fileRef = 2AD75EFD1D9D27C200D6CC39 /* RatesDetailRouter.swift */; };
		2AD75F011D9D283A00D6CC39 /* RatesDetailViewController.swift in Sources */ = {isa = PBXBuildFile; fileRef = 2AD75F001D9D283A00D6CC39 /* RatesDetailViewController.swift */; };
		2ADC4B071D9AE8CD00E28CFA /* Market.swift in Sources */ = {isa = PBXBuildFile; fileRef = 2ADC4B061D9AE8CD00E28CFA /* Market.swift */; };
		2ADC4B091D9AE97200E28CFA /* Ticker.swift in Sources */ = {isa = PBXBuildFile; fileRef = 2ADC4B081D9AE97200E28CFA /* Ticker.swift */; };
		2ADC4B0B1D9AEB9500E28CFA /* ChartData.swift in Sources */ = {isa = PBXBuildFile; fileRef = 2ADC4B0A1D9AEB9500E28CFA /* ChartData.swift */; };
		2ADC4B211D9AEF6000E28CFA /* TickerRequest.swift in Sources */ = {isa = PBXBuildFile; fileRef = 2ADC4B201D9AEF6000E28CFA /* TickerRequest.swift */; };
		2ADC4B231D9AEF6800E28CFA /* TickerMapper.swift in Sources */ = {isa = PBXBuildFile; fileRef = 2ADC4B221D9AEF6800E28CFA /* TickerMapper.swift */; };
		2ADC4B271D9AF56200E28CFA /* BackendConfiguration.swift in Sources */ = {isa = PBXBuildFile; fileRef = 2ADC4B241D9AF56200E28CFA /* BackendConfiguration.swift */; };
		2ADC4B281D9AF56200E28CFA /* BackendOperations.swift in Sources */ = {isa = PBXBuildFile; fileRef = 2ADC4B251D9AF56200E28CFA /* BackendOperations.swift */; };
		2ADC4B291D9AF56200E28CFA /* BackendService.swift in Sources */ = {isa = PBXBuildFile; fileRef = 2ADC4B261D9AF56200E28CFA /* BackendService.swift */; };
		2ADC4B2C1D9AF58B00E28CFA /* ListOperations.swift in Sources */ = {isa = PBXBuildFile; fileRef = 2ADC4B2A1D9AF58B00E28CFA /* ListOperations.swift */; };
		2ADC4B2D1D9AF58B00E28CFA /* SingleOperations.swift in Sources */ = {isa = PBXBuildFile; fileRef = 2ADC4B2B1D9AF58B00E28CFA /* SingleOperations.swift */; };
		2ADC4B2F1D9AF5A500E28CFA /* Mapper.swift in Sources */ = {isa = PBXBuildFile; fileRef = 2ADC4B2E1D9AF5A500E28CFA /* Mapper.swift */; };
		2ADC4B331D9AF7A000E28CFA /* Store.swift in Sources */ = {isa = PBXBuildFile; fileRef = 2ADC4B321D9AF7A000E28CFA /* Store.swift */; };
		2ADC4B351D9AFD9000E28CFA /* PoloniexAPI.swift in Sources */ = {isa = PBXBuildFile; fileRef = 2ADC4B341D9AFD9000E28CFA /* PoloniexAPI.swift */; };
		2ADC4B381D9B13A200E28CFA /* TickerTableViewCell.swift in Sources */ = {isa = PBXBuildFile; fileRef = 2ADC4B371D9B13A200E28CFA /* TickerTableViewCell.swift */; };
		2AEE23801D95A3B40090A61B /* Router.swift in Sources */ = {isa = PBXBuildFile; fileRef = 2AEE237F1D95A3B40090A61B /* Router.swift */; };
		2AEE23831D95A6E10090A61B /* BrightFutures.framework in Frameworks */ = {isa = PBXBuildFile; fileRef = 2AEE23821D95A6E10090A61B /* BrightFutures.framework */; };
		2AEE238C1D95A6F80090A61B /* Realm.framework in Frameworks */ = {isa = PBXBuildFile; fileRef = 2AEE23861D95A6F80090A61B /* Realm.framework */; };
		2AEE238D1D95A6F80090A61B /* RealmSwift.framework in Frameworks */ = {isa = PBXBuildFile; fileRef = 2AEE23871D95A6F80090A61B /* RealmSwift.framework */; };
		2AEE238E1D95A6F80090A61B /* Result.framework in Frameworks */ = {isa = PBXBuildFile; fileRef = 2AEE23881D95A6F80090A61B /* Result.framework */; };
		2AEE238F1D95A6F80090A61B /* Stevia.framework in Frameworks */ = {isa = PBXBuildFile; fileRef = 2AEE23891D95A6F80090A61B /* Stevia.framework */; };
		2AEE23921D95A82C0090A61B /* RootRouter.swift in Sources */ = {isa = PBXBuildFile; fileRef = 2AEE23911D95A82C0090A61B /* RootRouter.swift */; };
/* End PBXBuildFile section */

/* Begin PBXFileReference section */
		2A2797ED1DA28D980061F1C5 /* BetterSegmentedControl.swift */ = {isa = PBXFileReference; fileEncoding = 4; lastKnownFileType = sourcecode.swift; path = BetterSegmentedControl.swift; sourceTree = "<group>"; };
		2A2797F01DA2B3250061F1C5 /* CubicFormatter.swift */ = {isa = PBXFileReference; fileEncoding = 4; lastKnownFileType = sourcecode.swift; path = CubicFormatter.swift; sourceTree = "<group>"; };
		2A2797F21DA2B5ED0061F1C5 /* DateValueFormatter.swift */ = {isa = PBXFileReference; fileEncoding = 4; lastKnownFileType = sourcecode.swift; path = DateValueFormatter.swift; sourceTree = "<group>"; };
		2A2797F41DA2DCD00061F1C5 /* MarketAbbreviationMapper.swift */ = {isa = PBXFileReference; fileEncoding = 4; lastKnownFileType = sourcecode.swift; path = MarketAbbreviationMapper.swift; sourceTree = "<group>"; };
		2A5A5E771D95B843003465B2 /* SettingsViewController.swift */ = {isa = PBXFileReference; fileEncoding = 4; lastKnownFileType = sourcecode.swift; path = SettingsViewController.swift; sourceTree = "<group>"; };
		2A5A5E791D95BF00003465B2 /* SubRootViewController.swift */ = {isa = PBXFileReference; fileEncoding = 4; lastKnownFileType = sourcecode.swift; path = SubRootViewController.swift; sourceTree = "<group>"; };
		2A61FCE01D908C7900064D51 /* CryptoMarket.app */ = {isa = PBXFileReference; explicitFileType = wrapper.application; includeInIndex = 0; path = CryptoMarket.app; sourceTree = BUILT_PRODUCTS_DIR; };
		2A61FCE31D908C7900064D51 /* AppDelegate.swift */ = {isa = PBXFileReference; lastKnownFileType = sourcecode.swift; path = AppDelegate.swift; sourceTree = "<group>"; };
		2A61FCE51D908C7900064D51 /* RatesViewController.swift */ = {isa = PBXFileReference; lastKnownFileType = sourcecode.swift; path = RatesViewController.swift; sourceTree = "<group>"; };
		2A61FCEA1D908C7900064D51 /* Assets.xcassets */ = {isa = PBXFileReference; lastKnownFileType = folder.assetcatalog; path = Assets.xcassets; sourceTree = "<group>"; };
		2A61FCED1D908C7900064D51 /* Base */ = {isa = PBXFileReference; lastKnownFileType = file.storyboard; name = Base; path = Base.lproj/LaunchScreen.storyboard; sourceTree = "<group>"; };
		2A61FCEF1D908C7900064D51 /* Info.plist */ = {isa = PBXFileReference; lastKnownFileType = text.plist.xml; path = Info.plist; sourceTree = "<group>"; };
		2AD75EEC1D9C110000D6CC39 /* Chameleon.framework */ = {isa = PBXFileReference; lastKnownFileType = wrapper.framework; name = Chameleon.framework; path = Carthage/Build/iOS/Chameleon.framework; sourceTree = "<group>"; };
		2AD75EED1D9C110000D6CC39 /* Former.framework */ = {isa = PBXFileReference; lastKnownFileType = wrapper.framework; name = Former.framework; path = Carthage/Build/iOS/Former.framework; sourceTree = "<group>"; };
		2AD75EF21D9C346900D6CC39 /* ChartDataRequest.swift */ = {isa = PBXFileReference; fileEncoding = 4; lastKnownFileType = sourcecode.swift; path = ChartDataRequest.swift; sourceTree = "<group>"; };
		2AD75EF41D9C594200D6CC39 /* ChartDataMapper.swift */ = {isa = PBXFileReference; fileEncoding = 4; lastKnownFileType = sourcecode.swift; path = ChartDataMapper.swift; sourceTree = "<group>"; };
		2AD75EF71D9C5CEE00D6CC39 /* Colors.swift */ = {isa = PBXFileReference; fileEncoding = 4; lastKnownFileType = sourcecode.swift; path = Colors.swift; sourceTree = "<group>"; };
		2AD75EF91D9D1F3000D6CC39 /* RatesRouter.swift */ = {isa = PBXFileReference; fileEncoding = 4; lastKnownFileType = sourcecode.swift; path = RatesRouter.swift; sourceTree = "<group>"; };
		2AD75EFB1D9D252600D6CC39 /* SettingsRouter.swift */ = {isa = PBXFileReference; fileEncoding = 4; lastKnownFileType = sourcecode.swift; path = SettingsRouter.swift; sourceTree = "<group>"; };
		2AD75EFD1D9D27C200D6CC39 /* RatesDetailRouter.swift */ = {isa = PBXFileReference; fileEncoding = 4; lastKnownFileType = sourcecode.swift; path = RatesDetailRouter.swift; sourceTree = "<group>"; };
		2AD75F001D9D283A00D6CC39 /* RatesDetailViewController.swift */ = {isa = PBXFileReference; fileEncoding = 4; lastKnownFileType = sourcecode.swift; path = RatesDetailViewController.swift; sourceTree = "<group>"; };
		2ADC4B061D9AE8CD00E28CFA /* Market.swift */ = {isa = PBXFileReference; fileEncoding = 4; lastKnownFileType = sourcecode.swift; name = Market.swift; path = Store/Types/Market.swift; sourceTree = "<group>"; };
		2ADC4B081D9AE97200E28CFA /* Ticker.swift */ = {isa = PBXFileReference; fileEncoding = 4; lastKnownFileType = sourcecode.swift; name = Ticker.swift; path = Store/Types/Ticker.swift; sourceTree = "<group>"; };
		2ADC4B0A1D9AEB9500E28CFA /* ChartData.swift */ = {isa = PBXFileReference; fileEncoding = 4; lastKnownFileType = sourcecode.swift; name = ChartData.swift; path = Store/Types/ChartData.swift; sourceTree = "<group>"; };
		2ADC4B201D9AEF6000E28CFA /* TickerRequest.swift */ = {isa = PBXFileReference; fileEncoding = 4; lastKnownFileType = sourcecode.swift; path = TickerRequest.swift; sourceTree = "<group>"; };
		2ADC4B221D9AEF6800E28CFA /* TickerMapper.swift */ = {isa = PBXFileReference; fileEncoding = 4; lastKnownFileType = sourcecode.swift; path = TickerMapper.swift; sourceTree = "<group>"; };
		2ADC4B241D9AF56200E28CFA /* BackendConfiguration.swift */ = {isa = PBXFileReference; fileEncoding = 4; lastKnownFileType = sourcecode.swift; path = BackendConfiguration.swift; sourceTree = "<group>"; };
		2ADC4B251D9AF56200E28CFA /* BackendOperations.swift */ = {isa = PBXFileReference; fileEncoding = 4; lastKnownFileType = sourcecode.swift; path = BackendOperations.swift; sourceTree = "<group>"; };
		2ADC4B261D9AF56200E28CFA /* BackendService.swift */ = {isa = PBXFileReference; fileEncoding = 4; lastKnownFileType = sourcecode.swift; path = BackendService.swift; sourceTree = "<group>"; };
		2ADC4B2A1D9AF58B00E28CFA /* ListOperations.swift */ = {isa = PBXFileReference; fileEncoding = 4; lastKnownFileType = sourcecode.swift; path = ListOperations.swift; sourceTree = "<group>"; };
		2ADC4B2B1D9AF58B00E28CFA /* SingleOperations.swift */ = {isa = PBXFileReference; fileEncoding = 4; lastKnownFileType = sourcecode.swift; path = SingleOperations.swift; sourceTree = "<group>"; };
		2ADC4B2E1D9AF5A500E28CFA /* Mapper.swift */ = {isa = PBXFileReference; fileEncoding = 4; lastKnownFileType = sourcecode.swift; path = Mapper.swift; sourceTree = "<group>"; };
		2ADC4B321D9AF7A000E28CFA /* Store.swift */ = {isa = PBXFileReference; fileEncoding = 4; lastKnownFileType = sourcecode.swift; path = Store.swift; sourceTree = "<group>"; };
		2ADC4B341D9AFD9000E28CFA /* PoloniexAPI.swift */ = {isa = PBXFileReference; fileEncoding = 4; lastKnownFileType = sourcecode.swift; path = PoloniexAPI.swift; sourceTree = "<group>"; };
		2ADC4B371D9B13A200E28CFA /* TickerTableViewCell.swift */ = {isa = PBXFileReference; fileEncoding = 4; lastKnownFileType = sourcecode.swift; path = TickerTableViewCell.swift; sourceTree = "<group>"; };
		2AEE237F1D95A3B40090A61B /* Router.swift */ = {isa = PBXFileReference; fileEncoding = 4; lastKnownFileType = sourcecode.swift; path = Router.swift; sourceTree = "<group>"; };
		2AEE23821D95A6E10090A61B /* BrightFutures.framework */ = {isa = PBXFileReference; lastKnownFileType = wrapper.framework; name = BrightFutures.framework; path = Carthage/Build/iOS/BrightFutures.framework; sourceTree = "<group>"; };
		2AEE23861D95A6F80090A61B /* Realm.framework */ = {isa = PBXFileReference; lastKnownFileType = wrapper.framework; name = Realm.framework; path = Carthage/Build/iOS/Realm.framework; sourceTree = "<group>"; };
		2AEE23871D95A6F80090A61B /* RealmSwift.framework */ = {isa = PBXFileReference; lastKnownFileType = wrapper.framework; name = RealmSwift.framework; path = Carthage/Build/iOS/RealmSwift.framework; sourceTree = "<group>"; };
		2AEE23881D95A6F80090A61B /* Result.framework */ = {isa = PBXFileReference; lastKnownFileType = wrapper.framework; name = Result.framework; path = Carthage/Build/iOS/Result.framework; sourceTree = "<group>"; };
		2AEE23891D95A6F80090A61B /* Stevia.framework */ = {isa = PBXFileReference; lastKnownFileType = wrapper.framework; name = Stevia.framework; path = Carthage/Build/iOS/Stevia.framework; sourceTree = "<group>"; };
		2AEE23911D95A82C0090A61B /* RootRouter.swift */ = {isa = PBXFileReference; fileEncoding = 4; lastKnownFileType = sourcecode.swift; path = RootRouter.swift; sourceTree = "<group>"; };
/* End PBXFileReference section */

/* Begin PBXFrameworksBuildPhase section */
		2A61FCDD1D908C7900064D51 /* Frameworks */ = {
			isa = PBXFrameworksBuildPhase;
			buildActionMask = 2147483647;
			files = (
				2AEE238C1D95A6F80090A61B /* Realm.framework in Frameworks */,
				2AEE238D1D95A6F80090A61B /* RealmSwift.framework in Frameworks */,
				2AD75EF01D9C110000D6CC39 /* Former.framework in Frameworks */,
				2AEE238E1D95A6F80090A61B /* Result.framework in Frameworks */,
				2AEE23831D95A6E10090A61B /* BrightFutures.framework in Frameworks */,
				2AEE238F1D95A6F80090A61B /* Stevia.framework in Frameworks */,
				2AD75EEF1D9C110000D6CC39 /* Chameleon.framework in Frameworks */,
			);
			runOnlyForDeploymentPostprocessing = 0;
		};
/* End PBXFrameworksBuildPhase section */

/* Begin PBXGroup section */
		2A2797EC1DA28D4B0061F1C5 /* Controls */ = {
			isa = PBXGroup;
			children = (
				2A2797ED1DA28D980061F1C5 /* BetterSegmentedControl.swift */,
			);
			name = Controls;
			sourceTree = "<group>";
		};
		2A2797EF1DA2B3130061F1C5 /* Formatter */ = {
			isa = PBXGroup;
			children = (
				2A2797F01DA2B3250061F1C5 /* CubicFormatter.swift */,
				2A2797F21DA2B5ED0061F1C5 /* DateValueFormatter.swift */,
				2A2797F41DA2DCD00061F1C5 /* MarketAbbreviationMapper.swift */,
			);
			name = Formatter;
			sourceTree = "<group>";
		};
		2A5A5E731D95B486003465B2 /* Rates */ = {
			isa = PBXGroup;
			children = (
				2AD75EF91D9D1F3000D6CC39 /* RatesRouter.swift */,
				2AD75EFD1D9D27C200D6CC39 /* RatesDetailRouter.swift */,
			);
			name = Rates;
			sourceTree = "<group>";
		};
		2A5A5E741D95B48F003465B2 /* Settings */ = {
			isa = PBXGroup;
			children = (
				2AD75EFB1D9D252600D6CC39 /* SettingsRouter.swift */,
			);
			name = Settings;
			sourceTree = "<group>";
		};
		2A61FCD71D908C7900064D51 = {
			isa = PBXGroup;
			children = (
				2AEE23811D95A6C90090A61B /* Frameworks */,
				2A61FCE21D908C7900064D51 /* CryptoMarket */,
				2A61FCE11D908C7900064D51 /* Products */,
			);
			sourceTree = "<group>";
		};
		2A61FCE11D908C7900064D51 /* Products */ = {
			isa = PBXGroup;
			children = (
				2A61FCE01D908C7900064D51 /* CryptoMarket.app */,
			);
			name = Products;
			sourceTree = "<group>";
		};
		2A61FCE21D908C7900064D51 /* CryptoMarket */ = {
			isa = PBXGroup;
			children = (
				2ADC4B041D9AE59200E28CFA /* Store */,
				2AEE237E1D95A32D0090A61B /* Router */,
				2A61FCF81D908C9700064D51 /* Views */,
				2A61FCF71D908C9100064D51 /* Models */,
				2A61FCF51D908C8600064D51 /* ViewController */,
				2A61FCE31D908C7900064D51 /* AppDelegate.swift */,
				2A61FCEA1D908C7900064D51 /* Assets.xcassets */,
				2A61FCEC1D908C7900064D51 /* LaunchScreen.storyboard */,
				2A61FCEF1D908C7900064D51 /* Info.plist */,
			);
			path = CryptoMarket;
			sourceTree = "<group>";
		};
		2A61FCF51D908C8600064D51 /* ViewController */ = {
			isa = PBXGroup;
			children = (
				2AD75EFF1D9D282E00D6CC39 /* Rates */,
				2A61FCE51D908C7900064D51 /* RatesViewController.swift */,
				2A5A5E771D95B843003465B2 /* SettingsViewController.swift */,
				2A5A5E791D95BF00003465B2 /* SubRootViewController.swift */,
			);
			name = ViewController;
			sourceTree = "<group>";
		};
		2A61FCF61D908C8C00064D51 /* Network */ = {
			isa = PBXGroup;
			children = (
				2ADC4B1F1D9AEF4C00E28CFA /* Requests */,
				2ADC4B1E1D9AEF4000E28CFA /* Mapper */,
				2ADC4B191D9AEF1A00E28CFA /* Operations */,
				2ADC4B121D9AEED500E28CFA /* Foundation */,
				2ADC4B341D9AFD9000E28CFA /* PoloniexAPI.swift */,
			);
			name = Network;
			sourceTree = "<group>";
		};
		2A61FCF71D908C9100064D51 /* Models */ = {
			isa = PBXGroup;
			children = (
				2AD75EF61D9C5CE600D6CC39 /* Colors */,
				2A61FCF61D908C8C00064D51 /* Network */,
			);
			name = Models;
			sourceTree = "<group>";
		};
		2A61FCF81D908C9700064D51 /* Views */ = {
			isa = PBXGroup;
			children = (
				2A2797EF1DA2B3130061F1C5 /* Formatter */,
				2A2797EC1DA28D4B0061F1C5 /* Controls */,
				2ADC4B361D9B135900E28CFA /* TableViewCells */,
			);
			name = Views;
			sourceTree = "<group>";
		};
		2AD75EF61D9C5CE600D6CC39 /* Colors */ = {
			isa = PBXGroup;
			children = (
				2AD75EF71D9C5CEE00D6CC39 /* Colors.swift */,
			);
			name = Colors;
			sourceTree = "<group>";
		};
		2AD75EFF1D9D282E00D6CC39 /* Rates */ = {
			isa = PBXGroup;
			children = (
				2AD75F001D9D283A00D6CC39 /* RatesDetailViewController.swift */,
			);
			name = Rates;
			sourceTree = "<group>";
		};
		2ADC4B041D9AE59200E28CFA /* Store */ = {
			isa = PBXGroup;
			children = (
				2ADC4B051D9AE59900E28CFA /* Types */,
				2ADC4B321D9AF7A000E28CFA /* Store.swift */,
			);
			name = Store;
			sourceTree = "<group>";
		};
		2ADC4B051D9AE59900E28CFA /* Types */ = {
			isa = PBXGroup;
			children = (
				2ADC4B061D9AE8CD00E28CFA /* Market.swift */,
				2ADC4B081D9AE97200E28CFA /* Ticker.swift */,
				2ADC4B0A1D9AEB9500E28CFA /* ChartData.swift */,
			);
			name = Types;
			sourceTree = "<group>";
		};
		2ADC4B121D9AEED500E28CFA /* Foundation */ = {
			isa = PBXGroup;
			children = (
				2ADC4B241D9AF56200E28CFA /* BackendConfiguration.swift */,
				2ADC4B251D9AF56200E28CFA /* BackendOperations.swift */,
				2ADC4B261D9AF56200E28CFA /* BackendService.swift */,
			);
			name = Foundation;
			sourceTree = "<group>";
		};
		2ADC4B191D9AEF1A00E28CFA /* Operations */ = {
			isa = PBXGroup;
			children = (
				2ADC4B2A1D9AF58B00E28CFA /* ListOperations.swift */,
				2ADC4B2B1D9AF58B00E28CFA /* SingleOperations.swift */,
			);
			name = Operations;
			sourceTree = "<group>";
		};
		2ADC4B1E1D9AEF4000E28CFA /* Mapper */ = {
			isa = PBXGroup;
			children = (
				2ADC4B2E1D9AF5A500E28CFA /* Mapper.swift */,
				2AD75EF41D9C594200D6CC39 /* ChartDataMapper.swift */,
				2ADC4B221D9AEF6800E28CFA /* TickerMapper.swift */,
			);
			name = Mapper;
			sourceTree = "<group>";
		};
		2ADC4B1F1D9AEF4C00E28CFA /* Requests */ = {
			isa = PBXGroup;
			children = (
				2ADC4B201D9AEF6000E28CFA /* TickerRequest.swift */,
				2AD75EF21D9C346900D6CC39 /* ChartDataRequest.swift */,
			);
			name = Requests;
			sourceTree = "<group>";
		};
		2ADC4B361D9B135900E28CFA /* TableViewCells */ = {
			isa = PBXGroup;
			children = (
				2ADC4B371D9B13A200E28CFA /* TickerTableViewCell.swift */,
			);
			name = TableViewCells;
			sourceTree = "<group>";
		};
		2AEE237E1D95A32D0090A61B /* Router */ = {
			isa = PBXGroup;
			children = (
				2A5A5E741D95B48F003465B2 /* Settings */,
				2A5A5E731D95B486003465B2 /* Rates */,
				2AEE237F1D95A3B40090A61B /* Router.swift */,
				2AEE23911D95A82C0090A61B /* RootRouter.swift */,
			);
			name = Router;
			sourceTree = "<group>";
		};
		2AEE23811D95A6C90090A61B /* Frameworks */ = {
			isa = PBXGroup;
			children = (
				2AD75EEC1D9C110000D6CC39 /* Chameleon.framework */,
				2AD75EED1D9C110000D6CC39 /* Former.framework */,
				2AEE23861D95A6F80090A61B /* Realm.framework */,
				2AEE23871D95A6F80090A61B /* RealmSwift.framework */,
				2AEE23881D95A6F80090A61B /* Result.framework */,
				2AEE23891D95A6F80090A61B /* Stevia.framework */,
				2AEE23821D95A6E10090A61B /* BrightFutures.framework */,
			);
			name = Frameworks;
			sourceTree = "<group>";
		};
/* End PBXGroup section */

/* Begin PBXNativeTarget section */
		2A61FCDF1D908C7900064D51 /* CryptoMarket */ = {
			isa = PBXNativeTarget;
			buildConfigurationList = 2A61FCF21D908C7900064D51 /* Build configuration list for PBXNativeTarget "CryptoMarket" */;
			buildPhases = (
				2A61FCDC1D908C7900064D51 /* Sources */,
				2A61FCDD1D908C7900064D51 /* Frameworks */,
				2A61FCDE1D908C7900064D51 /* Resources */,
				2AEE23901D95A7730090A61B /* Carthage */,
			);
			buildRules = (
			);
			dependencies = (
			);
			name = CryptoMarket;
			productName = CryptoMarket;
			productReference = 2A61FCE01D908C7900064D51 /* CryptoMarket.app */;
			productType = "com.apple.product-type.application";
		};
/* End PBXNativeTarget section */

/* Begin PBXProject section */
		2A61FCD81D908C7900064D51 /* Project object */ = {
			isa = PBXProject;
			attributes = {
				LastSwiftUpdateCheck = 0800;
				LastUpgradeCheck = 0800;
				ORGANIZATIONNAME = "David Moeller";
				TargetAttributes = {
					2A61FCDF1D908C7900064D51 = {
						CreatedOnToolsVersion = 8.0;
						DevelopmentTeam = 2T87V487YG;
						ProvisioningStyle = Automatic;
					};
				};
			};
			buildConfigurationList = 2A61FCDB1D908C7900064D51 /* Build configuration list for PBXProject "CryptoMarket" */;
			compatibilityVersion = "Xcode 3.2";
			developmentRegion = English;
			hasScannedForEncodings = 0;
			knownRegions = (
				en,
				Base,
			);
			mainGroup = 2A61FCD71D908C7900064D51;
			productRefGroup = 2A61FCE11D908C7900064D51 /* Products */;
			projectDirPath = "";
			projectRoot = "";
			targets = (
				2A61FCDF1D908C7900064D51 /* CryptoMarket */,
			);
		};
/* End PBXProject section */

/* Begin PBXResourcesBuildPhase section */
		2A61FCDE1D908C7900064D51 /* Resources */ = {
			isa = PBXResourcesBuildPhase;
			buildActionMask = 2147483647;
			files = (
				2A61FCEE1D908C7900064D51 /* LaunchScreen.storyboard in Resources */,
				2A61FCEB1D908C7900064D51 /* Assets.xcassets in Resources */,
			);
			runOnlyForDeploymentPostprocessing = 0;
		};
/* End PBXResourcesBuildPhase section */

/* Begin PBXShellScriptBuildPhase section */
		2AEE23901D95A7730090A61B /* Carthage */ = {
			isa = PBXShellScriptBuildPhase;
			buildActionMask = 2147483647;
			files = (
			);
			inputPaths = (
				"$(SRCROOT)/Carthage/Build/iOS/Realm.framework",
				"$(SRCROOT)/Carthage/Build/iOS/RealmSwift.framework",
				"$(SRCROOT)/Carthage/Build/iOS/Result.framework",
				"$(SRCROOT)/Carthage/Build/iOS/Stevia.framework",
				"$(SRCROOT)/Carthage/Build/iOS/BrightFutures.framework",
				"$(SRCROOT)/Carthage/Build/iOS/Former.framework",
				"$(SRCROOT)/Carthage/Build/iOS/Chameleon.framework",
				"$(SRCROOT)/Carthage/Build/iOS/DateHelper.framework",
				"$(SRCROOT)/Carthage/Build/iOS/Charts.framework",
				"$(SRCROOT)/Carthage/Build/iOS/ChartsRealm.framework",
			);
			name = Carthage;
			outputPaths = (
			);
			runOnlyForDeploymentPostprocessing = 0;
			shellPath = /bin/sh;
			shellScript = "/usr/local/bin/carthage copy-frameworks";
		};
/* End PBXShellScriptBuildPhase section */

/* Begin PBXSourcesBuildPhase section */
		2A61FCDC1D908C7900064D51 /* Sources */ = {
			isa = PBXSourcesBuildPhase;
			buildActionMask = 2147483647;
			files = (
				2AEE23921D95A82C0090A61B /* RootRouter.swift in Sources */,
				2ADC4B091D9AE97200E28CFA /* Ticker.swift in Sources */,
				2A5A5E781D95B843003465B2 /* SettingsViewController.swift in Sources */,
				2ADC4B331D9AF7A000E28CFA /* Store.swift in Sources */,
				2ADC4B071D9AE8CD00E28CFA /* Market.swift in Sources */,
				2ADC4B381D9B13A200E28CFA /* TickerTableViewCell.swift in Sources */,
				2A2797EE1DA28D980061F1C5 /* BetterSegmentedControl.swift in Sources */,
				2ADC4B271D9AF56200E28CFA /* BackendConfiguration.swift in Sources */,
				2AD75EF31D9C346900D6CC39 /* ChartDataRequest.swift in Sources */,
				2ADC4B0B1D9AEB9500E28CFA /* ChartData.swift in Sources */,
				2ADC4B2D1D9AF58B00E28CFA /* SingleOperations.swift in Sources */,
				2A61FCE61D908C7900064D51 /* RatesViewController.swift in Sources */,
				2ADC4B211D9AEF6000E28CFA /* TickerRequest.swift in Sources */,
				2AD75EFA1D9D1F3000D6CC39 /* RatesRouter.swift in Sources */,
				2ADC4B291D9AF56200E28CFA /* BackendService.swift in Sources */,
				2AD75EF81D9C5CEE00D6CC39 /* Colors.swift in Sources */,
				2ADC4B2F1D9AF5A500E28CFA /* Mapper.swift in Sources */,
				2AEE23801D95A3B40090A61B /* Router.swift in Sources */,
				2A61FCE41D908C7900064D51 /* AppDelegate.swift in Sources */,
				2ADC4B281D9AF56200E28CFA /* BackendOperations.swift in Sources */,
				2A2797F51DA2DCD00061F1C5 /* MarketAbbreviationMapper.swift in Sources */,
				2AD75EFC1D9D252600D6CC39 /* SettingsRouter.swift in Sources */,
				2AD75EF51D9C594200D6CC39 /* ChartDataMapper.swift in Sources */,
				2AD75F011D9D283A00D6CC39 /* RatesDetailViewController.swift in Sources */,
				2ADC4B2C1D9AF58B00E28CFA /* ListOperations.swift in Sources */,
				2ADC4B231D9AEF6800E28CFA /* TickerMapper.swift in Sources */,
				2ADC4B351D9AFD9000E28CFA /* PoloniexAPI.swift in Sources */,
				2A2797F31DA2B5ED0061F1C5 /* DateValueFormatter.swift in Sources */,
				2A5A5E7A1D95BF00003465B2 /* SubRootViewController.swift in Sources */,
				2A2797F11DA2B3250061F1C5 /* CubicFormatter.swift in Sources */,
				2AD75EFE1D9D27C200D6CC39 /* RatesDetailRouter.swift in Sources */,
			);
			runOnlyForDeploymentPostprocessing = 0;
		};
/* End PBXSourcesBuildPhase section */

/* Begin PBXVariantGroup section */
		2A61FCEC1D908C7900064D51 /* LaunchScreen.storyboard */ = {
			isa = PBXVariantGroup;
			children = (
				2A61FCED1D908C7900064D51 /* Base */,
			);
			name = LaunchScreen.storyboard;
			sourceTree = "<group>";
		};
/* End PBXVariantGroup section */

/* Begin XCBuildConfiguration section */
		2A61FCF01D908C7900064D51 /* Debug */ = {
			isa = XCBuildConfiguration;
			buildSettings = {
				ALWAYS_SEARCH_USER_PATHS = NO;
				CLANG_ANALYZER_NONNULL = YES;
				CLANG_CXX_LANGUAGE_STANDARD = "gnu++0x";
				CLANG_CXX_LIBRARY = "libc++";
				CLANG_ENABLE_MODULES = YES;
				CLANG_ENABLE_OBJC_ARC = YES;
				CLANG_WARN_BOOL_CONVERSION = YES;
				CLANG_WARN_CONSTANT_CONVERSION = YES;
				CLANG_WARN_DIRECT_OBJC_ISA_USAGE = YES_ERROR;
				CLANG_WARN_DOCUMENTATION_COMMENTS = YES;
				CLANG_WARN_EMPTY_BODY = YES;
				CLANG_WARN_ENUM_CONVERSION = YES;
				CLANG_WARN_INFINITE_RECURSION = YES;
				CLANG_WARN_INT_CONVERSION = YES;
				CLANG_WARN_OBJC_ROOT_CLASS = YES_ERROR;
				CLANG_WARN_SUSPICIOUS_MOVES = YES;
				CLANG_WARN_UNREACHABLE_CODE = YES;
				CLANG_WARN__DUPLICATE_METHOD_MATCH = YES;
				"CODE_SIGN_IDENTITY[sdk=iphoneos*]" = "iPhone Developer";
				COPY_PHASE_STRIP = NO;
				DEBUG_INFORMATION_FORMAT = dwarf;
				ENABLE_STRICT_OBJC_MSGSEND = YES;
				ENABLE_TESTABILITY = YES;
				GCC_C_LANGUAGE_STANDARD = gnu99;
				GCC_DYNAMIC_NO_PIC = NO;
				GCC_NO_COMMON_BLOCKS = YES;
				GCC_OPTIMIZATION_LEVEL = 0;
				GCC_PREPROCESSOR_DEFINITIONS = (
					"DEBUG=1",
					"$(inherited)",
				);
				GCC_WARN_64_TO_32_BIT_CONVERSION = YES;
				GCC_WARN_ABOUT_RETURN_TYPE = YES_ERROR;
				GCC_WARN_UNDECLARED_SELECTOR = YES;
				GCC_WARN_UNINITIALIZED_AUTOS = YES_AGGRESSIVE;
				GCC_WARN_UNUSED_FUNCTION = YES;
				GCC_WARN_UNUSED_VARIABLE = YES;
				IPHONEOS_DEPLOYMENT_TARGET = 10.0;
				MTL_ENABLE_DEBUG_INFO = YES;
				ONLY_ACTIVE_ARCH = YES;
				SDKROOT = iphoneos;
				SWIFT_ACTIVE_COMPILATION_CONDITIONS = DEBUG;
				SWIFT_OPTIMIZATION_LEVEL = "-Onone";
			};
			name = Debug;
		};
		2A61FCF11D908C7900064D51 /* Release */ = {
			isa = XCBuildConfiguration;
			buildSettings = {
				ALWAYS_SEARCH_USER_PATHS = NO;
				CLANG_ANALYZER_NONNULL = YES;
				CLANG_CXX_LANGUAGE_STANDARD = "gnu++0x";
				CLANG_CXX_LIBRARY = "libc++";
				CLANG_ENABLE_MODULES = YES;
				CLANG_ENABLE_OBJC_ARC = YES;
				CLANG_WARN_BOOL_CONVERSION = YES;
				CLANG_WARN_CONSTANT_CONVERSION = YES;
				CLANG_WARN_DIRECT_OBJC_ISA_USAGE = YES_ERROR;
				CLANG_WARN_DOCUMENTATION_COMMENTS = YES;
				CLANG_WARN_EMPTY_BODY = YES;
				CLANG_WARN_ENUM_CONVERSION = YES;
				CLANG_WARN_INFINITE_RECURSION = YES;
				CLANG_WARN_INT_CONVERSION = YES;
				CLANG_WARN_OBJC_ROOT_CLASS = YES_ERROR;
				CLANG_WARN_SUSPICIOUS_MOVES = YES;
				CLANG_WARN_UNREACHABLE_CODE = YES;
				CLANG_WARN__DUPLICATE_METHOD_MATCH = YES;
				"CODE_SIGN_IDENTITY[sdk=iphoneos*]" = "iPhone Developer";
				COPY_PHASE_STRIP = NO;
				DEBUG_INFORMATION_FORMAT = "dwarf-with-dsym";
				ENABLE_NS_ASSERTIONS = NO;
				ENABLE_STRICT_OBJC_MSGSEND = YES;
				GCC_C_LANGUAGE_STANDARD = gnu99;
				GCC_NO_COMMON_BLOCKS = YES;
				GCC_WARN_64_TO_32_BIT_CONVERSION = YES;
				GCC_WARN_ABOUT_RETURN_TYPE = YES_ERROR;
				GCC_WARN_UNDECLARED_SELECTOR = YES;
				GCC_WARN_UNINITIALIZED_AUTOS = YES_AGGRESSIVE;
				GCC_WARN_UNUSED_FUNCTION = YES;
				GCC_WARN_UNUSED_VARIABLE = YES;
				IPHONEOS_DEPLOYMENT_TARGET = 10.0;
				MTL_ENABLE_DEBUG_INFO = NO;
				SDKROOT = iphoneos;
				SWIFT_OPTIMIZATION_LEVEL = "-Owholemodule";
				VALIDATE_PRODUCT = YES;
			};
			name = Release;
		};
		2A61FCF31D908C7900064D51 /* Debug */ = {
			isa = XCBuildConfiguration;
			buildSettings = {
				ASSETCATALOG_COMPILER_APPICON_NAME = AppIcon;
				DEVELOPMENT_TEAM = 2T87V487YG;
				FRAMEWORK_SEARCH_PATHS = (
					"$(inherited)",
					"$(PROJECT_DIR)/Carthage/Build/iOS",
				);
				INFOPLIST_FILE = CryptoMarket/Info.plist;
				LD_RUNPATH_SEARCH_PATHS = "$(inherited) @executable_path/Frameworks";
				PRODUCT_BUNDLE_IDENTIFIER = crypto.CryptoMarket;
				PRODUCT_NAME = "$(TARGET_NAME)";
				SWIFT_VERSION = 3.0;
			};
			name = Debug;
		};
		2A61FCF41D908C7900064D51 /* Release */ = {
			isa = XCBuildConfiguration;
			buildSettings = {
				ASSETCATALOG_COMPILER_APPICON_NAME = AppIcon;
				DEVELOPMENT_TEAM = 2T87V487YG;
				FRAMEWORK_SEARCH_PATHS = (
					"$(inherited)",
					"$(PROJECT_DIR)/Carthage/Build/iOS",
				);
				INFOPLIST_FILE = CryptoMarket/Info.plist;
				LD_RUNPATH_SEARCH_PATHS = "$(inherited) @executable_path/Frameworks";
				PRODUCT_BUNDLE_IDENTIFIER = crypto.CryptoMarket;
				PRODUCT_NAME = "$(TARGET_NAME)";
				SWIFT_VERSION = 3.0;
			};
			name = Release;
		};
/* End XCBuildConfiguration section */

/* Begin XCConfigurationList section */
		2A61FCDB1D908C7900064D51 /* Build configuration list for PBXProject "CryptoMarket" */ = {
			isa = XCConfigurationList;
			buildConfigurations = (
				2A61FCF01D908C7900064D51 /* Debug */,
				2A61FCF11D908C7900064D51 /* Release */,
			);
			defaultConfigurationIsVisible = 0;
			defaultConfigurationName = Release;
		};
		2A61FCF21D908C7900064D51 /* Build configuration list for PBXNativeTarget "CryptoMarket" */ = {
			isa = XCConfigurationList;
			buildConfigurations = (
				2A61FCF31D908C7900064D51 /* Debug */,
				2A61FCF41D908C7900064D51 /* Release */,
			);
			defaultConfigurationIsVisible = 0;
			defaultConfigurationName = Release;
		};
/* End XCConfigurationList section */
	};
	rootObject = 2A61FCD81D908C7900064D51 /* Project object */;
}
